// !$*UTF8*$!
{
	archiveVersion = 1;
	classes = {
	};
	objectVersion = 46;
	objects = {

/* Begin PBXBuildFile section */
		E613A9151EAF225100D40F23 /* AppDelegate.swift in Sources */ = {isa = PBXBuildFile; fileRef = E613A9141EAF225100D40F23 /* AppDelegate.swift */; };
		E613A9171EAF225100D40F23 /* ViewController.swift in Sources */ = {isa = PBXBuildFile; fileRef = E613A9161EAF225100D40F23 /* ViewController.swift */; };
		E613A91A1EAF225100D40F23 /* Main.storyboard in Resources */ = {isa = PBXBuildFile; fileRef = E613A9181EAF225100D40F23 /* Main.storyboard */; };
		E613A91C1EAF225100D40F23 /* Assets.xcassets in Resources */ = {isa = PBXBuildFile; fileRef = E613A91B1EAF225100D40F23 /* Assets.xcassets */; };
		E613A91F1EAF225100D40F23 /* LaunchScreen.storyboard in Resources */ = {isa = PBXBuildFile; fileRef = E613A91D1EAF225100D40F23 /* LaunchScreen.storyboard */; };
		E613A9271EAF23C600D40F23 /* PinkViewController.swift in Sources */ = {isa = PBXBuildFile; fileRef = E613A9261EAF23C600D40F23 /* PinkViewController.swift */; };
		E613A9291EAF23DA00D40F23 /* GreenViewController.swift in Sources */ = {isa = PBXBuildFile; fileRef = E613A9281EAF23DA00D40F23 /* GreenViewController.swift */; };
		E613A92B1EAF23ED00D40F23 /* BlueViewController.swift in Sources */ = {isa = PBXBuildFile; fileRef = E613A92A1EAF23ED00D40F23 /* BlueViewController.swift */; };
/* End PBXBuildFile section */

/* Begin PBXFileReference section */
		E613A9111EAF225100D40F23 /* MyApplication.app */ = {isa = PBXFileReference; explicitFileType = wrapper.application; includeInIndex = 0; path = MyApplication.app; sourceTree = BUILT_PRODUCTS_DIR; };
		E613A9141EAF225100D40F23 /* AppDelegate.swift */ = {isa = PBXFileReference; lastKnownFileType = sourcecode.swift; path = AppDelegate.swift; sourceTree = "<group>"; };
		E613A9161EAF225100D40F23 /* ViewController.swift */ = {isa = PBXFileReference; lastKnownFileType = sourcecode.swift; path = ViewController.swift; sourceTree = "<group>"; };
		E613A9191EAF225100D40F23 /* Base */ = {isa = PBXFileReference; lastKnownFileType = file.storyboard; name = Base; path = Base.lproj/Main.storyboard; sourceTree = "<group>"; };
		E613A91B1EAF225100D40F23 /* Assets.xcassets */ = {isa = PBXFileReference; lastKnownFileType = folder.assetcatalog; path = Assets.xcassets; sourceTree = "<group>"; };
		E613A91E1EAF225100D40F23 /* Base */ = {isa = PBXFileReference; lastKnownFileType = file.storyboard; name = Base; path = Base.lproj/LaunchScreen.storyboard; sourceTree = "<group>"; };
		E613A9201EAF225100D40F23 /* Info.plist */ = {isa = PBXFileReference; lastKnownFileType = text.plist.xml; path = Info.plist; sourceTree = "<group>"; };
		E613A9261EAF23C600D40F23 /* PinkViewController.swift */ = {isa = PBXFileReference; fileEncoding = 4; lastKnownFileType = sourcecode.swift; path = PinkViewController.swift; sourceTree = "<group>"; };
		E613A9281EAF23DA00D40F23 /* GreenViewController.swift */ = {isa = PBXFileReference; fileEncoding = 4; lastKnownFileType = sourcecode.swift; path = GreenViewController.swift; sourceTree = "<group>"; };
		E613A92A1EAF23ED00D40F23 /* BlueViewController.swift */ = {isa = PBXFileReference; fileEncoding = 4; lastKnownFileType = sourcecode.swift; path = BlueViewController.swift; sourceTree = "<group>"; };
/* End PBXFileReference section */

/* Begin PBXFrameworksBuildPhase section */
		E613A90E1EAF225100D40F23 /* Frameworks */ = {
			isa = PBXFrameworksBuildPhase;
			buildActionMask = 2147483647;
			files = (
			);
			runOnlyForDeploymentPostprocessing = 0;
		};
/* End PBXFrameworksBuildPhase section */

/* Begin PBXGroup section */
		E613A9081EAF225100D40F23 = {
			isa = PBXGroup;
			children = (
				E613A9131EAF225100D40F23 /* MyApplication */,
				E613A9121EAF225100D40F23 /* Products */,
			);
			sourceTree = "<group>";
		};
		E613A9121EAF225100D40F23 /* Products */ = {
			isa = PBXGroup;
			children = (
				E613A9111EAF225100D40F23 /* MyApplication.app */,
			);
			name = Products;
			sourceTree = "<group>";
		};
		E613A9131EAF225100D40F23 /* MyApplication */ = {
			isa = PBXGroup;
			children = (
				E613A9141EAF225100D40F23 /* AppDelegate.swift */,
				E613A9161EAF225100D40F23 /* ViewController.swift */,
				E613A9181EAF225100D40F23 /* Main.storyboard */,
				E613A91B1EAF225100D40F23 /* Assets.xcassets */,
				E613A91D1EAF225100D40F23 /* LaunchScreen.storyboard */,
				E613A9201EAF225100D40F23 /* Info.plist */,
				E613A9261EAF23C600D40F23 /* PinkViewController.swift */,
				E613A9281EAF23DA00D40F23 /* GreenViewController.swift */,
				E613A92A1EAF23ED00D40F23 /* BlueViewController.swift */,
			);
			path = MyApplication;
			sourceTree = "<group>";
		};
/* End PBXGroup section */

/* Begin PBXNativeTarget section */
		E613A9101EAF225100D40F23 /* MyApplication */ = {
			isa = PBXNativeTarget;
			buildConfigurationList = E613A9231EAF225100D40F23 /* Build configuration list for PBXNativeTarget "MyApplication" */;
			buildPhases = (
				E613A90D1EAF225100D40F23 /* Sources */,
				E613A90E1EAF225100D40F23 /* Frameworks */,
				E613A90F1EAF225100D40F23 /* Resources */,
			);
			buildRules = (
			);
			dependencies = (
			);
			name = MyApplication;
			productName = MyApplication;
			productReference = E613A9111EAF225100D40F23 /* MyApplication.app */;
			productType = "com.apple.product-type.application";
		};
/* End PBXNativeTarget section */

/* Begin PBXProject section */
		E613A9091EAF225100D40F23 /* Project object */ = {
			isa = PBXProject;
			attributes = {
				LastSwiftUpdateCheck = 0830;
				LastUpgradeCheck = 0830;
				ORGANIZATIONNAME = "SDS-001";
				TargetAttributes = {
					E613A9101EAF225100D40F23 = {
						CreatedOnToolsVersion = 8.3.1;
						DevelopmentTeam = 6LW826RDZF;
						ProvisioningStyle = Automatic;
					};
				};
			};
			buildConfigurationList = E613A90C1EAF225100D40F23 /* Build configuration list for PBXProject "MyApplication" */;
			compatibilityVersion = "Xcode 3.2";
			developmentRegion = English;
			hasScannedForEncodings = 0;
			knownRegions = (
				en,
				Base,
			);
			mainGroup = E613A9081EAF225100D40F23;
			productRefGroup = E613A9121EAF225100D40F23 /* Products */;
			projectDirPath = "";
			projectRoot = "";
			targets = (
				E613A9101EAF225100D40F23 /* MyApplication */,
			);
		};
/* End PBXProject section */

/* Begin PBXResourcesBuildPhase section */
		E613A90F1EAF225100D40F23 /* Resources */ = {
			isa = PBXResourcesBuildPhase;
			buildActionMask = 2147483647;
			files = (
				E613A91F1EAF225100D40F23 /* LaunchScreen.storyboard in Resources */,
				E613A91C1EAF225100D40F23 /* Assets.xcassets in Resources */,
				E613A91A1EAF225100D40F23 /* Main.storyboard in Resources */,
			);
			runOnlyForDeploymentPostprocessing = 0;
		};
/* End PBXResourcesBuildPhase section */

/* Begin PBXSourcesBuildPhase section */
		E613A90D1EAF225100D40F23 /* Sources */ = {
			isa = PBXSourcesBuildPhase;
			buildActionMask = 2147483647;
			files = (
				E613A9291EAF23DA00D40F23 /* GreenViewController.swift in Sources */,
				E613A9271EAF23C600D40F23 /* PinkViewController.swift in Sources */,
				E613A9171EAF225100D40F23 /* ViewController.swift in Sources */,
				E613A92B1EAF23ED00D40F23 /* BlueViewController.swift in Sources */,
				E613A9151EAF225100D40F23 /* AppDelegate.swift in Sources */,
			);
			runOnlyForDeploymentPostprocessing = 0;
		};
/* End PBXSourcesBuildPhase section */

/* Begin PBXVariantGroup section */
		E613A9181EAF225100D40F23 /* Main.storyboard */ = {
			isa = PBXVariantGroup;
			children = (
				E613A9191EAF225100D40F23 /* Base */,
			);
			name = Main.storyboard;
			sourceTree = "<group>";
		};
		E613A91D1EAF225100D40F23 /* LaunchScreen.storyboard */ = {
			isa = PBXVariantGroup;
			children = (
				E613A91E1EAF225100D40F23 /* Base */,
			);
			name = LaunchScreen.storyboard;
			sourceTree = "<group>";
		};
/* End PBXVariantGroup section */

/* Begin XCBuildConfiguration section */
		E613A9211EAF225100D40F23 /* Debug */ = {
			isa = XCBuildConfiguration;
			buildSettings = {
				ALWAYS_SEARCH_USER_PATHS = NO;
				CLANG_ANALYZER_NONNULL = YES;
				CLANG_ANALYZER_NUMBER_OBJECT_CONVERSION = YES_AGGRESSIVE;
				CLANG_CXX_LANGUAGE_STANDARD = "gnu++0x";
				CLANG_CXX_LIBRARY = "libc++";
				CLANG_ENABLE_MODULES = YES;
				CLANG_ENABLE_OBJC_ARC = YES;
				CLANG_WARN_BOOL_CONVERSION = YES;
				CLANG_WARN_CONSTANT_CONVERSION = YES;
				CLANG_WARN_DIRECT_OBJC_ISA_USAGE = YES_ERROR;
				CLANG_WARN_DOCUMENTATION_COMMENTS = YES;
				CLANG_WARN_EMPTY_BODY = YES;
				CLANG_WARN_ENUM_CONVERSION = YES;
				CLANG_WARN_INFINITE_RECURSION = YES;
				CLANG_WARN_INT_CONVERSION = YES;
				CLANG_WARN_OBJC_ROOT_CLASS = YES_ERROR;
				CLANG_WARN_SUSPICIOUS_MOVE = YES;
				CLANG_WARN_UNREACHABLE_CODE = YES;
				CLANG_WARN__DUPLICATE_METHOD_MATCH = YES;
				"CODE_SIGN_IDENTITY[sdk=iphoneos*]" = "iPhone Developer";
				COPY_PHASE_STRIP = NO;
				DEBUG_INFORMATION_FORMAT = dwarf;
				ENABLE_STRICT_OBJC_MSGSEND = YES;
				ENABLE_TESTABILITY = YES;
				GCC_C_LANGUAGE_STANDARD = gnu99;
				GCC_DYNAMIC_NO_PIC = NO;
				GCC_NO_COMMON_BLOCKS = YES;
				GCC_OPTIMIZATION_LEVEL = 0;
				GCC_PREPROCESSOR_DEFINITIONS = (
					"DEBUG=1",
					"$(inherited)",
				);
				GCC_WARN_64_TO_32_BIT_CONVERSION = YES;
				GCC_WARN_ABOUT_RETURN_TYPE = YES_ERROR;
				GCC_WARN_UNDECLARED_SELECTOR = YES;
				GCC_WARN_UNINITIALIZED_AUTOS = YES_AGGRESSIVE;
				GCC_WARN_UNUSED_FUNCTION = YES;
				GCC_WARN_UNUSED_VARIABLE = YES;
				IPHONEOS_DEPLOYMENT_TARGET = 10.3;
				MTL_ENABLE_DEBUG_INFO = YES;
				ONLY_ACTIVE_ARCH = YES;
				SDKROOT = iphoneos;
				SWIFT_ACTIVE_COMPILATION_CONDITIONS = DEBUG;
				SWIFT_OPTIMIZATION_LEVEL = "-Onone";
			};
			name = Debug;
		};
		E613A9221EAF225100D40F23 /* Release */ = {
			isa = XCBuildConfiguration;
			buildSettings = {
				ALWAYS_SEARCH_USER_PATHS = NO;
				CLANG_ANALYZER_NONNULL = YES;
				CLANG_ANALYZER_NUMBER_OBJECT_CONVERSION = YES_AGGRESSIVE;
				CLANG_CXX_LANGUAGE_STANDARD = "gnu++0x";
				CLANG_CXX_LIBRARY = "libc++";
				CLANG_ENABLE_MODULES = YES;
				CLANG_ENABLE_OBJC_ARC = YES;
				CLANG_WARN_BOOL_CONVERSION = YES;
				CLANG_WARN_CONSTANT_CONVERSION = YES;
				CLANG_WARN_DIRECT_OBJC_ISA_USAGE = YES_ERROR;
				CLANG_WARN_DOCUMENTATION_COMMENTS = YES;
				CLANG_WARN_EMPTY_BODY = YES;
				CLANG_WARN_ENUM_CONVERSION = YES;
				CLANG_WARN_INFINITE_RECURSION = YES;
				CLANG_WARN_INT_CONVERSION = YES;
				CLANG_WARN_OBJC_ROOT_CLASS = YES_ERROR;
				CLANG_WARN_SUSPICIOUS_MOVE = YES;
				CLANG_WARN_UNREACHABLE_CODE = YES;
				CLANG_WARN__DUPLICATE_METHOD_MATCH = YES;
				"CODE_SIGN_IDENTITY[sdk=iphoneos*]" = "iPhone Developer";
				COPY_PHASE_STRIP = NO;
				DEBUG_INFORMATION_FORMAT = "dwarf-with-dsym";
				ENABLE_NS_ASSERTIONS = NO;
				ENABLE_STRICT_OBJC_MSGSEND = YES;
				GCC_C_LANGUAGE_STANDARD = gnu99;
				GCC_NO_COMMON_BLOCKS = YES;
				GCC_WARN_64_TO_32_BIT_CONVERSION = YES;
				GCC_WARN_ABOUT_RETURN_TYPE = YES_ERROR;
				GCC_WARN_UNDECLARED_SELECTOR = YES;
				GCC_WARN_UNINITIALIZED_AUTOS = YES_AGGRESSIVE;
				GCC_WARN_UNUSED_FUNCTION = YES;
				GCC_WARN_UNUSED_VARIABLE = YES;
				IPHONEOS_DEPLOYMENT_TARGET = 10.3;
				MTL_ENABLE_DEBUG_INFO = NO;
				SDKROOT = iphoneos;
				SWIFT_OPTIMIZATION_LEVEL = "-Owholemodule";
				VALIDATE_PRODUCT = YES;
			};
			name = Release;
		};
		E613A9241EAF225100D40F23 /* Debug */ = {
			isa = XCBuildConfiguration;
			buildSettings = {
				ASSETCATALOG_COMPILER_APPICON_NAME = AppIcon;
				DEVELOPMENT_TEAM = 6LW826RDZF;
				INFOPLIST_FILE = MyApplication/Info.plist;
				LD_RUNPATH_SEARCH_PATHS = "$(inherited) @executable_path/Frameworks";
				PRODUCT_BUNDLE_IDENTIFIER = com.multicampus.MyApplication;
				PRODUCT_NAME = "$(TARGET_NAME)";
				SWIFT_VERSION = 3.0;
			};
			name = Debug;
		};
		E613A9251EAF225100D40F23 /* Release */ = {
			isa = XCBuildConfiguration;
			buildSettings = {
				ASSETCATALOG_COMPILER_APPICON_NAME = AppIcon;
				DEVELOPMENT_TEAM = 6LW826RDZF;
				INFOPLIST_FILE = MyApplication/Info.plist;
				LD_RUNPATH_SEARCH_PATHS = "$(inherited) @executable_path/Frameworks";
				PRODUCT_BUNDLE_IDENTIFIER = com.multicampus.MyApplication;
				PRODUCT_NAME = "$(TARGET_NAME)";
				SWIFT_VERSION = 3.0;
			};
			name = Release;
		};
/* End XCBuildConfiguration section */

/* Begin XCConfigurationList section */
		E613A90C1EAF225100D40F23 /* Build configuration list for PBXProject "MyApplication" */ = {
			isa = XCConfigurationList;
			buildConfigurations = (
				E613A9211EAF225100D40F23 /* Debug */,
				E613A9221EAF225100D40F23 /* Release */,
			);
			defaultConfigurationIsVisible = 0;
			defaultConfigurationName = Release;
		};
		E613A9231EAF225100D40F23 /* Build configuration list for PBXNativeTarget "MyApplication" */ = {
			isa = XCConfigurationList;
			buildConfigurations = (
				E613A9241EAF225100D40F23 /* Debug */,
				E613A9251EAF225100D40F23 /* Release */,
			);
			defaultConfigurationIsVisible = 0;
		};
/* End XCConfigurationList section */
	};
	rootObject = E613A9091EAF225100D40F23 /* Project object */;
}
